
Microsoft Visual Studio Solution File, Format Version 12.00
# Visual Studio Version 16
VisualStudioVersion = 16.0.31702.278
MinimumVisualStudioVersion = 10.0.40219.1
Project("{FAE04EC0-301F-11D3-BF4B-00C04F79EFBC}") = "MovieRegistration", "MovieRegistration\MovieRegistration.csproj", "{8C32DE3C-5AED-42FE-A614-D62D125812B7}"
EndProject
Global
	GlobalSection(SolutionConfigurationPlatforms) = preSolution
		Debug|Any CPU = Debug|Any CPU
		Release|Any CPU = Release|Any CPU
	EndGlobalSection
	GlobalSection(ProjectConfigurationPlatforms) = postSolution
		{8C32DE3C-5AED-42FE-A614-D62D125812B7}.Debug|Any CPU.ActiveCfg = Debug|Any CPU
		{8C32DE3C-5AED-42FE-A614-D62D125812B7}.Debug|Any CPU.Build.0 = Debug|Any CPU
		{8C32DE3C-5AED-42FE-A614-D62D125812B7}.Release|Any CPU.ActiveCfg = Release|Any CPU
		{8C32DE3C-5AED-42FE-A614-D62D125812B7}.Release|Any CPU.Build.0 = Release|Any CPU
	EndGlobalSection
	GlobalSection(SolutionProperties) = preSolution
		HideSolutionNode = FALSE
	EndGlobalSection
	GlobalSection(ExtensibilityGlobals) = postSolution
		SolutionGuid = {8E0E5FAE-EA8A-4B6D-ADA6-F5B46CE81898}
	EndGlobalSection
EndGlobal
